
Microsoft Visual Studio Solution File, Format Version 12.00
# Visual Studio 15
Project("{FAE04EC0-301F-11D3-BF4B-00C04F79EFBC}") = "Assembly-CSharp", "Assembly-CSharp.csproj", "{C155F010-0656-32CE-86A2-EF7ABD359F64}"
EndProject
Project("{FAE04EC0-301F-11D3-BF4B-00C04F79EFBC}") = "Assembly-CSharp-Editor", "Assembly-CSharp-Editor.csproj", "{ACEE15DF-59B5-DAC6-4AD8-805EDCB8522E}"
EndProject
Global
	GlobalSection(SolutionConfigurationPlatforms) = preSolution
		Debug|Any CPU = Debug|Any CPU
		Release|Any CPU = Release|Any CPU
	EndGlobalSection
	GlobalSection(ProjectConfigurationPlatforms) = postSolution
		{C155F010-0656-32CE-86A2-EF7ABD359F64}.Debug|Any CPU.ActiveCfg = Debug|Any CPU
		{C155F010-0656-32CE-86A2-EF7ABD359F64}.Debug|Any CPU.Build.0 = Debug|Any CPU
		{C155F010-0656-32CE-86A2-EF7ABD359F64}.Release|Any CPU.ActiveCfg = Release|Any CPU
		{C155F010-0656-32CE-86A2-EF7ABD359F64}.Release|Any CPU.Build.0 = Release|Any CPU
		{ACEE15DF-59B5-DAC6-4AD8-805EDCB8522E}.Debug|Any CPU.ActiveCfg = Debug|Any CPU
		{ACEE15DF-59B5-DAC6-4AD8-805EDCB8522E}.Debug|Any CPU.Build.0 = Debug|Any CPU
		{ACEE15DF-59B5-DAC6-4AD8-805EDCB8522E}.Release|Any CPU.ActiveCfg = Release|Any CPU
		{ACEE15DF-59B5-DAC6-4AD8-805EDCB8522E}.Release|Any CPU.Build.0 = Release|Any CPU
	EndGlobalSection
	GlobalSection(SolutionProperties) = preSolution
		HideSolutionNode = FALSE
	EndGlobalSection
EndGlobal
